PODS:
  - Eureka (4.3.1)
  - FontAwesome.swift (1.6.0)
  - PKHUD (5.2.1)
  - Realm (3.13.1):
    - Realm/Headers (= 3.13.1)
  - Realm/Headers (3.13.1)
  - RealmSwift (3.13.1):
    - Realm (= 3.13.1)
  - SnapKit (4.0.1)
  - SwifterSwift (4.6.0):
    - SwifterSwift/AppKit (= 4.6.0)
    - SwifterSwift/CoreGraphics (= 4.6.0)
    - SwifterSwift/CoreLocation (= 4.6.0)
    - SwifterSwift/Foundation (= 4.6.0)
    - SwifterSwift/MapKit (= 4.6.0)
    - SwifterSwift/SpriteKit (= 4.6.0)
    - SwifterSwift/SwiftStdlib (= 4.6.0)
    - SwifterSwift/UIKit (= 4.6.0)
  - SwifterSwift/AppKit (4.6.0)
  - SwifterSwift/CoreGraphics (4.6.0)
  - SwifterSwift/CoreLocation (4.6.0)
  - SwifterSwift/Foundation (4.6.0)
  - SwifterSwift/MapKit (4.6.0)
  - SwifterSwift/SpriteKit (4.6.0)
  - SwifterSwift/SwiftStdlib (4.6.0)
  - SwifterSwift/UIKit (4.6.0)
  - TesseractOCRiOS (3.4.0)
  - URLNavigator (2.1.0)

DEPENDENCIES:
  - Eureka
  - FontAwesome.swift
  - PKHUD (~> 5.0)
  - RealmSwift
  - SnapKit (~> 4.0.0)
  - SwifterSwift
  - TesseractOCRiOS (from `https://github.com/gali8/Tesseract-OCR-iOS.git`, tag `4.0.0`)
  - URLNavigator

SPEC REPOS:
  https://github.com/cocoapods/specs.git:
    - Eureka
    - FontAwesome.swift
    - PKHUD
    - Realm
    - RealmSwift
    - SnapKit
    - SwifterSwift
    - URLNavigator

EXTERNAL SOURCES:
  TesseractOCRiOS:
    :git: https://github.com/gali8/Tesseract-OCR-iOS.git
    :tag: 4.0.0

CHECKOUT OPTIONS:
  TesseractOCRiOS:
    :git: https://github.com/gali8/Tesseract-OCR-iOS.git
    :tag: 4.0.0

SPEC CHECKSUMS:
  Eureka: 28ea296f06710f6745266b71f17862048941a32d
  FontAwesome.swift: 71a422e7b209ee940c7c21a5d13964ecf2897ca4
  PKHUD: 4e6162c4c39ac367c6934e9855c6b4762ee16256
  Realm: 50071da38fe079e0735e47c9f2eae738c68c5996
  RealmSwift: 8a1e6a02b7a08cd17a31e3115143fb69fe5f3fb9
  SnapKit: 0de968a9fec17499afa29683b05d0c775b6d1c29
  SwifterSwift: 812ffec6f301922f5430e75be3f2939ea3a80024
  TesseractOCRiOS: 5be498d8fef7a37a38046a05670f9f34b9f042d2
  URLNavigator: e8cea3835b3456d7876eb728831e742273c8d209

PODFILE CHECKSUM: b91b1a31684a7493c99789a86cb297601ebd67bc

COCOAPODS: 1.6.1
